# THIS IS AN AUTOGENERATED FILE. DO NOT EDIT THIS FILE DIRECTLY.
# yarn lockfile v1


"@mauron85/react-native-background-geolocation@^0.5.3":
  version "0.5.3"
  resolved "https://registry.yarnpkg.com/@mauron85/react-native-background-geolocation/-/react-native-background-geolocation-0.5.3.tgz#449a3f02fa2dd89198ad7db812ae95a37a983309"
