PODS:
  - GoogleMaps (2.7.0):
    - GoogleMaps/Maps (= 2.7.0)
  - GoogleMaps/Base (2.7.0)
  - GoogleMaps/Maps (2.7.0):
    - GoogleMaps/Base
  - React (0.57.5):
    - React/Core (= 0.57.5)
  - react-native-ble-plx (1.0.1):
    - React
    - react-native-ble-plx-swift
  - react-native-ble-plx-swift (1.0.1)
  - React/Core (0.57.5):
    - yoga (= 0.57.5.React)
  - React/RCTImage (0.57.5):
    - React/Core
    - React/RCTNetwork
  - React/RCTNetwork (0.57.5):
    - React/Core
  - RNKeychain (3.1.1):
    - React
  - RNSVG (6.5.2):
    - React
  - yoga (0.57.5.React)

DEPENDENCIES:
  - GoogleMaps
  - react-native-ble-plx (from `../node_modules/react-native-ble-plx`)
  - react-native-ble-plx-swift (from `../node_modules/react-native-ble-plx`)
  - React/RCTImage (from `../node_modules/react-native`)
  - RNKeychain (from `../node_modules/react-native-keychain`)
  - RNSVG (from `../node_modules/react-native-svg`)
  - yoga (from `../node_modules/react-native/ReactCommon/yoga/Yoga.podspec`)

SPEC REPOS:
  https://github.com/cocoapods/specs.git:
    - GoogleMaps

EXTERNAL SOURCES:
  React:
    :path: "../node_modules/react-native"
  react-native-ble-plx:
    :path: "../node_modules/react-native-ble-plx"
  react-native-ble-plx-swift:
    :path: "../node_modules/react-native-ble-plx"
  RNKeychain:
    :path: "../node_modules/react-native-keychain"
  RNSVG:
    :path: "../node_modules/react-native-svg"
  yoga:
    :path: "../node_modules/react-native/ReactCommon/yoga/Yoga.podspec"

SPEC CHECKSUMS:
  GoogleMaps: f79af95cb24d869457b1f961c93d3ce8b2f3b848
  React: 1fe0eb13d90b625d94c3b117c274dcfd2e760e11
  react-native-ble-plx: 7ad27c5a97bdb07ca77cf92badacd990e350c32c
  react-native-ble-plx-swift: 283d93356064625d8d825b0814203628afe381f0
  RNKeychain: 5381e340056c23de103d73ae59cbddc6ffc21d97
  RNSVG: 6252323c0312735f0af5f58b5adf2965b6a9ffbf
  yoga: b1ce48b6cf950b98deae82838f5173ea7cf89e85

PODFILE CHECKSUM: 572a979fe065274183b4002badaec65ffc3e857a

COCOAPODS: 1.5.3
