PODS:
  - GoogleMaps (2.7.0):
    - GoogleMaps/Maps (= 2.7.0)
  - GoogleMaps/Base (2.7.0)
  - GoogleMaps/Maps (2.7.0):
    - GoogleMaps/Base
  - React (0.57.5):
    - React/Core (= 0.57.5)
  - React/Core (0.57.5):
    - yoga (= 0.57.5.React)
  - React/RCTImage (0.57.5):
    - React/Core
    - React/RCTNetwork
  - React/RCTNetwork (0.57.5):
    - React/Core
  - RNSVG (6.5.2):
    - React
  - yoga (0.57.5.React)

DEPENDENCIES:
  - GoogleMaps
  - React/RCTImage (from `../node_modules/react-native`)
  - RNSVG (from `../node_modules/react-native-svg`)
  - yoga (from `../node_modules/react-native/ReactCommon/yoga/Yoga.podspec`)

SPEC REPOS:
  https://github.com/cocoapods/specs.git:
    - GoogleMaps

EXTERNAL SOURCES:
  React:
    :path: "../node_modules/react-native"
  RNSVG:
    :path: "../node_modules/react-native-svg"
  yoga:
    :path: "../node_modules/react-native/ReactCommon/yoga/Yoga.podspec"

SPEC CHECKSUMS:
  GoogleMaps: f79af95cb24d869457b1f961c93d3ce8b2f3b848
  React: 1fe0eb13d90b625d94c3b117c274dcfd2e760e11
  RNSVG: 6252323c0312735f0af5f58b5adf2965b6a9ffbf
  yoga: b1ce48b6cf950b98deae82838f5173ea7cf89e85

PODFILE CHECKSUM: 54a90dc076dacf03bcfc1c455a0ee128a142dad2

COCOAPODS: 1.5.3
